{
  "name": "ecommerce",
  "lockfileVersion": 2,
  "requires": true,
  "packages": {
    "": {
      "dependencies": {
        "react-error-overlay": "^6.0.9"
      },
      "devDependencies": {
        "@prettier/plugin-ruby": "^2.0.0",
        "prettier": "^2.5.1"
      }
    },
    "node_modules/@prettier/plugin-ruby": {
      "version": "2.0.0",
      "resolved": "https://registry.npmjs.org/@prettier/plugin-ruby/-/plugin-ruby-2.0.0.tgz",
      "integrity": "sha512-pA0rjTi5J7cT86XPNhXp7CpdV2Tlyj5oqDIsnQRxMu2P7LY2KJI/pyOSM8pzTH8BgRyQfe1P1NPCcTwxUnUWtQ==",
      "dev": true,
      "dependencies": {
        "prettier": ">=2.3.0"
      }
    },
    "node_modules/prettier": {
      "version": "2.5.1",
      "resolved": "https://registry.npmjs.org/prettier/-/prettier-2.5.1.tgz",
      "integrity": "sha512-vBZcPRUR5MZJwoyi3ZoyQlc1rXeEck8KgeC9AwwOn+exuxLxq5toTRDTSaVrXHxelDMHy9zlicw8u66yxoSUFg==",
      "dev": true,
      "bin": {
        "prettier": "bin-prettier.js"
      },
      "engines": {
        "node": ">=10.13.0"
      }
    },
    "node_modules/react-error-overlay": {
      "version": "6.0.9",
      "resolved": "https://registry.npmjs.org/react-error-overlay/-/react-error-overlay-6.0.9.tgz",
      "integrity": "sha512-nQTTcUu+ATDbrSD1BZHr5kgSD4oF8OFjxun8uAaL8RwPBacGBNPf/yAuVVdx17N8XNzRDMrZ9XcKZHCjPW+9ew=="
    }
  },
  "dependencies": {
    "@prettier/plugin-ruby": {
      "version": "2.0.0",
      "resolved": "https://registry.npmjs.org/@prettier/plugin-ruby/-/plugin-ruby-2.0.0.tgz",
      "integrity": "sha512-pA0rjTi5J7cT86XPNhXp7CpdV2Tlyj5oqDIsnQRxMu2P7LY2KJI/pyOSM8pzTH8BgRyQfe1P1NPCcTwxUnUWtQ==",
      "dev": true,
      "requires": {
        "prettier": ">=2.3.0"
      }
    },
    "prettier": {
      "version": "2.5.1",
      "resolved": "https://registry.npmjs.org/prettier/-/prettier-2.5.1.tgz",
      "integrity": "sha512-vBZcPRUR5MZJwoyi3ZoyQlc1rXeEck8KgeC9AwwOn+exuxLxq5toTRDTSaVrXHxelDMHy9zlicw8u66yxoSUFg==",
      "dev": true
    },
    "react-error-overlay": {
      "version": "6.0.9",
      "resolved": "https://registry.npmjs.org/react-error-overlay/-/react-error-overlay-6.0.9.tgz",
      "integrity": "sha512-nQTTcUu+ATDbrSD1BZHr5kgSD4oF8OFjxun8uAaL8RwPBacGBNPf/yAuVVdx17N8XNzRDMrZ9XcKZHCjPW+9ew=="
    }
  }
}
